
Microsoft Visual Studio Solution File, Format Version 12.00
# Visual Studio Version 17
VisualStudioVersion = 17.4.33205.214
MinimumVisualStudioVersion = 10.0.40219.1
Project("{FAE04EC0-301F-11D3-BF4B-00C04F79EFBC}") = "Fibonacci sequence", "Fibonacci sequence.csproj", "{640A14FB-AE97-45AD-896F-DDDDFBCEBC44}"
EndProject
Global
	GlobalSection(SolutionConfigurationPlatforms) = preSolution
		Debug|Any CPU = Debug|Any CPU
		Release|Any CPU = Release|Any CPU
	EndGlobalSection
	GlobalSection(ProjectConfigurationPlatforms) = postSolution
		{640A14FB-AE97-45AD-896F-DDDDFBCEBC44}.Debug|Any CPU.ActiveCfg = Debug|Any CPU
		{640A14FB-AE97-45AD-896F-DDDDFBCEBC44}.Debug|Any CPU.Build.0 = Debug|Any CPU
		{640A14FB-AE97-45AD-896F-DDDDFBCEBC44}.Release|Any CPU.ActiveCfg = Release|Any CPU
		{640A14FB-AE97-45AD-896F-DDDDFBCEBC44}.Release|Any CPU.Build.0 = Release|Any CPU
	EndGlobalSection
	GlobalSection(SolutionProperties) = preSolution
		HideSolutionNode = FALSE
	EndGlobalSection
	GlobalSection(ExtensibilityGlobals) = postSolution
		SolutionGuid = {F1A7DE58-97C7-4833-A446-A98BF1250103}
	EndGlobalSection
EndGlobal
